{
  "nodes": {
    "flake-compat": {
      "flake": false,
      "locked": {
        "lastModified": 1650374568,
        "narHash": "sha256-Z+s0J8/r907g149rllvwhb4pKi8Wam5ij0st8PwAh+E=",
        "owner": "edolstra",
        "repo": "flake-compat",
        "rev": "b4a34015c698c7793d592d66adbab377907a2be8",
        "type": "github"
      },
      "original": {
        "owner": "edolstra",
        "repo": "flake-compat",
        "type": "github"
      }
    },
    "flake-utils": {
      "locked": {
        "lastModified": 1649676176,
        "narHash": "sha256-OWKJratjt2RW151VUlJPRALb7OU2S5s+f0vLj4o1bHM=",
        "owner": "numtide",
        "repo": "flake-utils",
        "rev": "a4b154ebbdc88c8498a5c7b01589addc9e9cb678",
        "type": "github"
      },
      "original": {
        "owner": "numtide",
        "repo": "flake-utils",
        "type": "github"
      }
    },
    "fugitive": {
      "flake": false,
      "locked": {
        "lastModified": 1652249541,
        "narHash": "sha256-XoJSI1RkdBLJ+BEicRJL9bdzpTgguXh36ZHQ7pV9dos=",
        "owner": "tpope",
        "repo": "vim-fugitive",
        "rev": "f529acef74b4266d94f22414c60b4a8930c1e0f3",
        "type": "github"
      },
      "original": {
        "owner": "tpope",
        "repo": "vim-fugitive",
        "type": "github"
      }
    },
    "git-src": {
      "flake": false,
      "locked": {
        "lastModified": 1651786743,
        "narHash": "sha256-KQcVIiiXOO6fzWnAOU4lpM8JW1e815+jNm6B0nfhER8=",
        "owner": "git",
        "repo": "git",
        "rev": "e8005e4871f130c4e402ddca2032c111252f070a",
        "type": "github"
      },
      "original": {
        "owner": "git",
        "repo": "git",
        "type": "github"
      }
    },
    "niv-src": {
      "flake": false,
      "locked": {
        "lastModified": 1651852951,
        "narHash": "sha256-RxUjVd3zYyKbxNlT4jFiml+hDbxP3xHHiA+wX1MQFCQ=",
        "owner": "nmattia",
        "repo": "niv",
        "rev": "82e5cd1ad3c387863f0545d7591512e76ab0fc41",
        "type": "github"
      },
      "original": {
        "owner": "nmattia",
        "repo": "niv",
        "type": "github"
      }
    },
    "nixpkgs": {
      "locked": {
        "lastModified": 1652287952,
        "narHash": "sha256-xl6/qq+49mU3kKDEMMaRXIumEsFpfAaIXqyn5ZeYwUY=",
        "owner": "NixOS",
        "repo": "nixpkgs",
        "rev": "64ab981b0198f559d3b6affd68a73ae1ae2f2061",
        "type": "github"
      },
      "original": {
        "owner": "NixOS",
        "repo": "nixpkgs",
        "type": "github"
      }
    },
    "nvim-tree": {
      "flake": false,
      "locked": {
        "lastModified": 1652145731,
        "narHash": "sha256-rJtG2o7mv5/2Hcxfd9MwQB4Zraj4ZI94lrSOBNZVvfc=",
        "owner": "kyazdani42",
        "repo": "nvim-tree.lua",
        "rev": "82ec79aac5557c05728d88195fb0d008cacbf565",
        "type": "github"
      },
      "original": {
        "owner": "kyazdani42",
        "repo": "nvim-tree.lua",
        "type": "github"
      }
    },
    "root": {
      "inputs": {
        "flake-compat": "flake-compat",
        "flake-utils": "flake-utils",
        "fugitive": "fugitive",
        "git-src": "git-src",
        "niv-src": "niv-src",
        "nixpkgs": "nixpkgs",
        "nvim-tree": "nvim-tree",
        "vim-nix": "vim-nix",
        "vim-surround": "vim-surround",
        "vim-svelte": "vim-svelte"
      }
    },
    "vim-nix": {
      "flake": false,
      "locked": {
        "lastModified": 1650919516,
        "narHash": "sha256-W6ExP+iDNo5T8XazxHRpUiECGv+AU5PPoM4CmU7NV+0=",
        "owner": "LnL7",
        "repo": "vim-nix",
        "rev": "7d23e97d13c40fcc6d603b291fe9b6e5f92516ee",
        "type": "github"
      },
      "original": {
        "owner": "LnL7",
        "repo": "vim-nix",
        "type": "github"
      }
    },
    "vim-surround": {
      "flake": false,
      "locked": {
        "lastModified": 1650669912,
        "narHash": "sha256-ippurR26T1jqy74LDKlzJpTreOLxRThmgYTEHPtBkx8=",
        "owner": "tpope",
        "repo": "vim-surround",
        "rev": "bf3480dc9ae7bea34c78fbba4c65b4548b5b1fea",
        "type": "github"
      },
      "original": {
        "owner": "tpope",
        "repo": "vim-surround",
        "type": "github"
      }
    },
    "vim-svelte": {
      "flake": false,
      "locked": {
        "lastModified": 1645123348,
        "narHash": "sha256-VzI2MWdtinFDR6JajgMWtNMJA/xbeTlY2ekgs2YGnU8=",
        "owner": "evanleck",
        "repo": "vim-svelte",
        "rev": "1080030d6a1bc6582389c133a07552ba0a442410",
        "type": "github"
      },
      "original": {
        "owner": "evanleck",
        "repo": "vim-svelte",
        "type": "github"
      }
    }
  },
  "root": "root",
  "version": 7
}
