{
  "nodes": {
    "bufdelete-nvim": {
      "flake": false,
      "locked": {
        "lastModified": 1708814161,
        "narHash": "sha256-ljUNfmpImtxFCS19HC9kFlaLlqaPDltKtnx1+/6Y33U=",
        "owner": "famiu",
        "repo": "bufdelete.nvim",
        "rev": "f6bcea78afb3060b198125256f897040538bcb81",
        "type": "github"
      },
      "original": {
        "owner": "famiu",
        "repo": "bufdelete.nvim",
        "type": "github"
      }
    },
    "bufferline-nvim": {
      "flake": false,
      "locked": {
        "lastModified": 1736870559,
        "narHash": "sha256-ae4MB6+6v3awvfSUWlau9ASJ147ZpwuX1fvJdfMwo1Q=",
        "owner": "akinsho",
        "repo": "bufferline.nvim",
        "rev": "655133c3b4c3e5e05ec549b9f8cc2894ac6f51b3",
        "type": "github"
      },
      "original": {
        "owner": "akinsho",
        "repo": "bufferline.nvim",
        "type": "github"
      }
    },
    "flake-compat": {
      "flake": false,
      "locked": {
        "lastModified": 1733328505,
        "narHash": "sha256-NeCCThCEP3eCl2l/+27kNNK7QrwZB1IJCrXfrbv5oqU=",
        "owner": "edolstra",
        "repo": "flake-compat",
        "rev": "ff81ac966bb2cae68946d5ed5fc4994f96d0ffec",
        "type": "github"
      },
      "original": {
        "owner": "edolstra",
        "repo": "flake-compat",
        "type": "github"
      }
    },
    "flake-utils": {
      "inputs": {
        "systems": "systems"
      },
      "locked": {
        "lastModified": 1731533236,
        "narHash": "sha256-l0KFg5HjrsfsO/JpG+r7fRrqm12kzFHyUHqHCVpMMbI=",
        "owner": "numtide",
        "repo": "flake-utils",
        "rev": "11707dc2f618dd54ca8739b309ec4fc024de578b",
        "type": "github"
      },
      "original": {
        "owner": "numtide",
        "repo": "flake-utils",
        "type": "github"
      }
    },
    "fugitive": {
      "flake": false,
      "locked": {
        "lastModified": 1738557234,
        "narHash": "sha256-3PfLyP8rZTCOPKeltoCVYUFvN3ANxtBSLxvklBUTGKA=",
        "owner": "tpope",
        "repo": "vim-fugitive",
        "rev": "b068eaf1e6cbe35d1ac100d435cd7f7b74a5c87d",
        "type": "github"
      },
      "original": {
        "owner": "tpope",
        "repo": "vim-fugitive",
        "type": "github"
      }
    },
    "kitty-icon": {
      "flake": false,
      "locked": {
        "lastModified": 1696432667,
        "narHash": "sha256-AXU1KOXaEiAMTkgkR+yVc8g4FZq8TqXj9imswCHhNKc=",
        "owner": "k0nserv",
        "repo": "kitty-icon",
        "rev": "7f631a61bcbdfb268cdf1c97992a5c077beec9d6",
        "type": "github"
      },
      "original": {
        "owner": "k0nserv",
        "repo": "kitty-icon",
        "type": "github"
      }
    },
    "luafun": {
      "flake": false,
      "locked": {
        "lastModified": 1728490544,
        "narHash": "sha256-sSutkX0cssRoPPG1vtn1HbYVqKaVMIkUolDafMpHJ7M=",
        "owner": "luafun",
        "repo": "luafun",
        "rev": "f1a57f25bf8554bf430faba5237dec7f04b2979a",
        "type": "github"
      },
      "original": {
        "owner": "luafun",
        "repo": "luafun",
        "type": "github"
      }
    },
    "multicursor-nvim": {
      "flake": false,
      "locked": {
        "lastModified": 1739942601,
        "narHash": "sha256-/UV+oHQ2Lr4zNiqgJM44o1RhkftrfSzf3U58loszEz8=",
        "owner": "jake-stewart",
        "repo": "multicursor.nvim",
        "rev": "86537c3771f1989592568c9d92da2e201297867a",
        "type": "github"
      },
      "original": {
        "owner": "jake-stewart",
        "repo": "multicursor.nvim",
        "type": "github"
      }
    },
    "nixpkgs": {
      "locked": {
        "lastModified": 1739960870,
        "narHash": "sha256-sVezzW3JJv8PW2er3eri+rAj7VvcZCCUHOHCIZnTncs=",
        "owner": "NixOS",
        "repo": "nixpkgs",
        "rev": "16d1bfa8c834508d6d4a3bf5580b30eadeed27b4",
        "type": "github"
      },
      "original": {
        "owner": "NixOS",
        "repo": "nixpkgs",
        "type": "github"
      }
    },
    "nvim-tree": {
      "flake": false,
      "locked": {
        "lastModified": 1739135162,
        "narHash": "sha256-EprjYnY3cr2l+hEeVrf58yUl0mC60HQUmngHxoJo+KA=",
        "owner": "kyazdani42",
        "repo": "nvim-tree.lua",
        "rev": "80523101f0ae48b7f1990e907b685a3d79776c01",
        "type": "github"
      },
      "original": {
        "owner": "kyazdani42",
        "repo": "nvim-tree.lua",
        "type": "github"
      }
    },
    "nvim-web-devicons": {
      "flake": false,
      "locked": {
        "lastModified": 1739285356,
        "narHash": "sha256-WOFtHvNlPP1JRLdCfFRXEOUx+1z5d5ncm+pS0wpDjAg=",
        "owner": "nvim-tree",
        "repo": "nvim-web-devicons",
        "rev": "1020869742ecb191f260818234517f4a1515cfe8",
        "type": "github"
      },
      "original": {
        "owner": "nvim-tree",
        "repo": "nvim-web-devicons",
        "type": "github"
      }
    },
    "root": {
      "inputs": {
        "bufdelete-nvim": "bufdelete-nvim",
        "bufferline-nvim": "bufferline-nvim",
        "flake-compat": "flake-compat",
        "flake-utils": "flake-utils",
        "fugitive": "fugitive",
        "kitty-icon": "kitty-icon",
        "luafun": "luafun",
        "multicursor-nvim": "multicursor-nvim",
        "nixpkgs": "nixpkgs",
        "nvim-tree": "nvim-tree",
        "nvim-web-devicons": "nvim-web-devicons",
        "vim-astro": "vim-astro",
        "vim-glsl": "vim-glsl",
        "vim-nix": "vim-nix",
        "vim-submode": "vim-submode",
        "vim-surround": "vim-surround",
        "vim-svelte": "vim-svelte",
        "vim-terraform": "vim-terraform"
      }
    },
    "systems": {
      "locked": {
        "lastModified": 1681028828,
        "narHash": "sha256-Vy1rq5AaRuLzOxct8nz4T6wlgyUR7zLU309k9mBC768=",
        "owner": "nix-systems",
        "repo": "default",
        "rev": "da67096a3b9bf56a91d16901293e51ba5b49a27e",
        "type": "github"
      },
      "original": {
        "owner": "nix-systems",
        "repo": "default",
        "type": "github"
      }
    },
    "vim-astro": {
      "flake": false,
      "locked": {
        "lastModified": 1697864536,
        "narHash": "sha256-vwQ3hwSpJBCdUp5dlHuP6GPaW7EJ4Rb5kXOJ9qtrpf8=",
        "owner": "wuelnerdotexe",
        "repo": "vim-astro",
        "rev": "9b4674ecfe1dd84b5fb9b4de1653975de6e8e2e1",
        "type": "github"
      },
      "original": {
        "owner": "wuelnerdotexe",
        "repo": "vim-astro",
        "type": "github"
      }
    },
    "vim-glsl": {
      "flake": false,
      "locked": {
        "lastModified": 1718439280,
        "narHash": "sha256-d5lh5S1YQ1OzlsKmj+cB9UAdbX7haAqo3eR/4s4H7FQ=",
        "owner": "tikhomirov",
        "repo": "vim-glsl",
        "rev": "40dd0b143ef93f3930a8a409f60c1bb85e28b727",
        "type": "github"
      },
      "original": {
        "owner": "tikhomirov",
        "repo": "vim-glsl",
        "type": "github"
      }
    },
    "vim-nix": {
      "flake": false,
      "locked": {
        "lastModified": 1738443453,
        "narHash": "sha256-Hmn8EVlvMQnQF8COeb89cgl5+A83kagOjGsmvm5WNoE=",
        "owner": "LnL7",
        "repo": "vim-nix",
        "rev": "7235c7ce2cea530cb6b59bc3e46d4bfe917d15c8",
        "type": "github"
      },
      "original": {
        "owner": "LnL7",
        "repo": "vim-nix",
        "type": "github"
      }
    },
    "vim-submode": {
      "flake": false,
      "locked": {
        "lastModified": 1499687652,
        "narHash": "sha256-5zLztAk3HHi/UIZYPpcWb+q78ad422ZC4n7sJb3PwOE=",
        "owner": "kana",
        "repo": "vim-submode",
        "rev": "d29de4f55c40a7a03af1d8134453a703d6affbd2",
        "type": "github"
      },
      "original": {
        "owner": "kana",
        "repo": "vim-submode",
        "type": "github"
      }
    },
    "vim-surround": {
      "flake": false,
      "locked": {
        "lastModified": 1666730476,
        "narHash": "sha256-DZE5tkmnT+lAvx/RQHaDEgEJXRKsy56KJY919xiH1lE=",
        "owner": "tpope",
        "repo": "vim-surround",
        "rev": "3d188ed2113431cf8dac77be61b842acb64433d9",
        "type": "github"
      },
      "original": {
        "owner": "tpope",
        "repo": "vim-surround",
        "type": "github"
      }
    },
    "vim-svelte": {
      "flake": false,
      "locked": {
        "lastModified": 1666888764,
        "narHash": "sha256-sZcHLBCGvCk8px1FlIU+JwDbHS1e7neeXMMQLPoCYe8=",
        "owner": "evanleck",
        "repo": "vim-svelte",
        "rev": "0e93ec53c3667753237282926fec626785622c1c",
        "type": "github"
      },
      "original": {
        "owner": "evanleck",
        "repo": "vim-svelte",
        "type": "github"
      }
    },
    "vim-terraform": {
      "flake": false,
      "locked": {
        "lastModified": 1737360319,
        "narHash": "sha256-I2L37E2TBE3ZuK5I3xwqxmGdrwbzEMI3Keqz8k0fBdk=",
        "owner": "hashivim",
        "repo": "vim-terraform",
        "rev": "8912ca1be3025a1c9fab193618f3b99517e01973",
        "type": "github"
      },
      "original": {
        "owner": "hashivim",
        "repo": "vim-terraform",
        "type": "github"
      }
    }
  },
  "root": "root",
  "version": 7
}
