{
  "nodes": {
    "flake-compat": {
      "flake": false,
      "locked": {
        "lastModified": 1696426674,
        "narHash": "sha256-kvjfFW7WAETZlt09AgDn1MrtKzP7t90Vf7vypd3OL1U=",
        "owner": "edolstra",
        "repo": "flake-compat",
        "rev": "0f9255e01c2351cc7d116c072cb317785dd33b33",
        "type": "github"
      },
      "original": {
        "owner": "edolstra",
        "repo": "flake-compat",
        "type": "github"
      }
    },
    "flake-utils": {
      "inputs": {
        "systems": "systems"
      },
      "locked": {
        "lastModified": 1709126324,
        "narHash": "sha256-q6EQdSeUZOG26WelxqkmR7kArjgWCdw5sfJVHPH/7j8=",
        "owner": "numtide",
        "repo": "flake-utils",
        "rev": "d465f4819400de7c8d874d50b982301f28a84605",
        "type": "github"
      },
      "original": {
        "owner": "numtide",
        "repo": "flake-utils",
        "type": "github"
      }
    },
    "fugitive": {
      "flake": false,
      "locked": {
        "lastModified": 1709513879,
        "narHash": "sha256-DILFvQnXprugbYS9NWsa3elP7/g0jKSFP7MvdCrzfJ8=",
        "owner": "tpope",
        "repo": "vim-fugitive",
        "rev": "41beedabc7e948c787ea5696e04c3544c3674e23",
        "type": "github"
      },
      "original": {
        "owner": "tpope",
        "repo": "vim-fugitive",
        "type": "github"
      }
    },
    "git-src": {
      "flake": false,
      "locked": {
        "lastModified": 1709855982,
        "narHash": "sha256-glUv8ypZ2ALfSJfAssjN0aNmTSvJo/76XRfxEL94OSQ=",
        "owner": "git",
        "repo": "git",
        "rev": "e09f1254c54329773904fe25d7c545a1fb4fa920",
        "type": "github"
      },
      "original": {
        "owner": "git",
        "repo": "git",
        "type": "github"
      }
    },
    "luafun": {
      "flake": false,
      "locked": {
        "lastModified": 1693409738,
        "narHash": "sha256-vW5mliayrxMFOjxopFo5ixg1lCYlNVHblqOlKwgj4oA=",
        "owner": "luafun",
        "repo": "luafun",
        "rev": "02c39fa7430689b89a799e3bf95797aac2067210",
        "type": "github"
      },
      "original": {
        "owner": "luafun",
        "repo": "luafun",
        "type": "github"
      }
    },
    "niv-src": {
      "flake": false,
      "locked": {
        "lastModified": 1709902347,
        "narHash": "sha256-RKsGLMaZAh22WN+RGPEx5JZM4r1el+q+ZickBGy+fuE=",
        "owner": "nmattia",
        "repo": "niv",
        "rev": "6f6529db3a69cf3c4dd81eebcb5b46f1d34170e5",
        "type": "github"
      },
      "original": {
        "owner": "nmattia",
        "repo": "niv",
        "type": "github"
      }
    },
    "nixpkgs": {
      "locked": {
        "lastModified": 1709929591,
        "narHash": "sha256-jd9sUIEpO/hTM0FIYrRxGoePn4aGV/fQ2YO6m1aX0Y4=",
        "owner": "NixOS",
        "repo": "nixpkgs",
        "rev": "ef65f5b4a83e1fbefcd599ef0460a020e1acc4f0",
        "type": "github"
      },
      "original": {
        "owner": "NixOS",
        "repo": "nixpkgs",
        "type": "github"
      }
    },
    "nvim-tree": {
      "flake": false,
      "locked": {
        "lastModified": 1710465988,
        "narHash": "sha256-3iG1ifPucoESnTLc2l2RgGYmufHaLWjOOGx7Fvc/4vY=",
        "owner": "kyazdani42",
        "repo": "nvim-tree.lua",
        "rev": "707b24af91a1d05823099ed8c5450796290466ba",
        "type": "github"
      },
      "original": {
        "owner": "kyazdani42",
        "repo": "nvim-tree.lua",
        "type": "github"
      }
    },
    "root": {
      "inputs": {
        "flake-compat": "flake-compat",
        "flake-utils": "flake-utils",
        "fugitive": "fugitive",
        "git-src": "git-src",
        "luafun": "luafun",
        "niv-src": "niv-src",
        "nixpkgs": "nixpkgs",
        "nvim-tree": "nvim-tree",
        "vim-astro": "vim-astro",
        "vim-nix": "vim-nix",
        "vim-surround": "vim-surround",
        "vim-svelte": "vim-svelte",
        "vim-terraform": "vim-terraform"
      }
    },
    "systems": {
      "locked": {
        "lastModified": 1681028828,
        "narHash": "sha256-Vy1rq5AaRuLzOxct8nz4T6wlgyUR7zLU309k9mBC768=",
        "owner": "nix-systems",
        "repo": "default",
        "rev": "da67096a3b9bf56a91d16901293e51ba5b49a27e",
        "type": "github"
      },
      "original": {
        "owner": "nix-systems",
        "repo": "default",
        "type": "github"
      }
    },
    "vim-astro": {
      "flake": false,
      "locked": {
        "lastModified": 1697864536,
        "narHash": "sha256-vwQ3hwSpJBCdUp5dlHuP6GPaW7EJ4Rb5kXOJ9qtrpf8=",
        "owner": "wuelnerdotexe",
        "repo": "vim-astro",
        "rev": "9b4674ecfe1dd84b5fb9b4de1653975de6e8e2e1",
        "type": "github"
      },
      "original": {
        "owner": "wuelnerdotexe",
        "repo": "vim-astro",
        "type": "github"
      }
    },
    "vim-nix": {
      "flake": false,
      "locked": {
        "lastModified": 1708772165,
        "narHash": "sha256-2/9eyU+uUbcKiNcBDdgdxCBp1vNSP51U/0LTHihEYJY=",
        "owner": "LnL7",
        "repo": "vim-nix",
        "rev": "e25cd0f2e5922f1f4d3cd969f92e35a9a327ffb0",
        "type": "github"
      },
      "original": {
        "owner": "LnL7",
        "repo": "vim-nix",
        "type": "github"
      }
    },
    "vim-surround": {
      "flake": false,
      "locked": {
        "lastModified": 1666730476,
        "narHash": "sha256-DZE5tkmnT+lAvx/RQHaDEgEJXRKsy56KJY919xiH1lE=",
        "owner": "tpope",
        "repo": "vim-surround",
        "rev": "3d188ed2113431cf8dac77be61b842acb64433d9",
        "type": "github"
      },
      "original": {
        "owner": "tpope",
        "repo": "vim-surround",
        "type": "github"
      }
    },
    "vim-svelte": {
      "flake": false,
      "locked": {
        "lastModified": 1666888764,
        "narHash": "sha256-sZcHLBCGvCk8px1FlIU+JwDbHS1e7neeXMMQLPoCYe8=",
        "owner": "evanleck",
        "repo": "vim-svelte",
        "rev": "0e93ec53c3667753237282926fec626785622c1c",
        "type": "github"
      },
      "original": {
        "owner": "evanleck",
        "repo": "vim-svelte",
        "type": "github"
      }
    },
    "vim-terraform": {
      "flake": false,
      "locked": {
        "lastModified": 1707849495,
        "narHash": "sha256-uva6NXM/u0n0LARJqfEOWVYLiD3KCl88jAMm2zS25q4=",
        "owner": "hashivim",
        "repo": "vim-terraform",
        "rev": "21f756b933cd11ac5990a6046fdc7c4e2a6c0aee",
        "type": "github"
      },
      "original": {
        "owner": "hashivim",
        "repo": "vim-terraform",
        "type": "github"
      }
    }
  },
  "root": "root",
  "version": 7
}
